
Microsoft Visual Studio Solution File, Format Version 12.00
# Visual Studio 15
Project("{FAE04EC0-301F-11D3-BF4B-00C04F79EFBC}") = "LeanTransition", "LeanTransition.csproj", "{89DE1A57-A9EE-69BC-3F01-2B5E28B456E2}"
EndProject
Project("{FAE04EC0-301F-11D3-BF4B-00C04F79EFBC}") = "Assembly-CSharp", "Assembly-CSharp.csproj", "{F4ED41FC-1A1A-8874-BEF1-5316B1C24120}"
EndProject
Project("{FAE04EC0-301F-11D3-BF4B-00C04F79EFBC}") = "Assembly-CSharp-firstpass", "Assembly-CSharp-firstpass.csproj", "{D3AB9739-BFC5-3FF6-0F57-F074DBBC39EE}"
EndProject
Project("{FAE04EC0-301F-11D3-BF4B-00C04F79EFBC}") = "LeanCommon", "LeanCommon.csproj", "{C14A62E9-A812-3B54-D18F-819525AA8C7C}"
EndProject
Global
	GlobalSection(SolutionConfigurationPlatforms) = preSolution
		Debug|Any CPU = Debug|Any CPU
		Release|Any CPU = Release|Any CPU
	EndGlobalSection
	GlobalSection(ProjectConfigurationPlatforms) = postSolution
		{89DE1A57-A9EE-69BC-3F01-2B5E28B456E2}.Debug|Any CPU.ActiveCfg = Debug|Any CPU
		{89DE1A57-A9EE-69BC-3F01-2B5E28B456E2}.Debug|Any CPU.Build.0 = Debug|Any CPU
		{89DE1A57-A9EE-69BC-3F01-2B5E28B456E2}.Release|Any CPU.ActiveCfg = Release|Any CPU
		{89DE1A57-A9EE-69BC-3F01-2B5E28B456E2}.Release|Any CPU.Build.0 = Release|Any CPU
		{F4ED41FC-1A1A-8874-BEF1-5316B1C24120}.Debug|Any CPU.ActiveCfg = Debug|Any CPU
		{F4ED41FC-1A1A-8874-BEF1-5316B1C24120}.Debug|Any CPU.Build.0 = Debug|Any CPU
		{F4ED41FC-1A1A-8874-BEF1-5316B1C24120}.Release|Any CPU.ActiveCfg = Release|Any CPU
		{F4ED41FC-1A1A-8874-BEF1-5316B1C24120}.Release|Any CPU.Build.0 = Release|Any CPU
		{D3AB9739-BFC5-3FF6-0F57-F074DBBC39EE}.Debug|Any CPU.ActiveCfg = Debug|Any CPU
		{D3AB9739-BFC5-3FF6-0F57-F074DBBC39EE}.Debug|Any CPU.Build.0 = Debug|Any CPU
		{D3AB9739-BFC5-3FF6-0F57-F074DBBC39EE}.Release|Any CPU.ActiveCfg = Release|Any CPU
		{D3AB9739-BFC5-3FF6-0F57-F074DBBC39EE}.Release|Any CPU.Build.0 = Release|Any CPU
		{C14A62E9-A812-3B54-D18F-819525AA8C7C}.Debug|Any CPU.ActiveCfg = Debug|Any CPU
		{C14A62E9-A812-3B54-D18F-819525AA8C7C}.Debug|Any CPU.Build.0 = Debug|Any CPU
		{C14A62E9-A812-3B54-D18F-819525AA8C7C}.Release|Any CPU.ActiveCfg = Release|Any CPU
		{C14A62E9-A812-3B54-D18F-819525AA8C7C}.Release|Any CPU.Build.0 = Release|Any CPU
	EndGlobalSection
	GlobalSection(SolutionProperties) = preSolution
		HideSolutionNode = FALSE
	EndGlobalSection
EndGlobal
